
Microsoft Visual Studio Solution File, Format Version 12.00
# Visual Studio Version 16
VisualStudioVersion = 16.0.32901.82
MinimumVisualStudioVersion = 10.0.40219.1
Project("{FAE04EC0-301F-11D3-BF4B-00C04F79EFBC}") = "L8Foms_JLDRL_1247723", "L8Foms_JLDRL_1247723\L8Foms_JLDRL_1247723.csproj", "{D1F84F4E-E3C6-48CE-98B2-D1DD44C3D201}"
EndProject
Global
	GlobalSection(SolutionConfigurationPlatforms) = preSolution
		Debug|Any CPU = Debug|Any CPU
		Release|Any CPU = Release|Any CPU
	EndGlobalSection
	GlobalSection(ProjectConfigurationPlatforms) = postSolution
		{D1F84F4E-E3C6-48CE-98B2-D1DD44C3D201}.Debug|Any CPU.ActiveCfg = Debug|Any CPU
		{D1F84F4E-E3C6-48CE-98B2-D1DD44C3D201}.Debug|Any CPU.Build.0 = Debug|Any CPU
		{D1F84F4E-E3C6-48CE-98B2-D1DD44C3D201}.Release|Any CPU.ActiveCfg = Release|Any CPU
		{D1F84F4E-E3C6-48CE-98B2-D1DD44C3D201}.Release|Any CPU.Build.0 = Release|Any CPU
	EndGlobalSection
	GlobalSection(SolutionProperties) = preSolution
		HideSolutionNode = FALSE
	EndGlobalSection
	GlobalSection(ExtensibilityGlobals) = postSolution
		SolutionGuid = {B0DAD7C1-CD1A-4454-99AC-B6B9F446C160}
	EndGlobalSection
EndGlobal
